
Microsoft Visual Studio Solution File, Format Version 12.00
# Visual Studio Version 17
VisualStudioVersion = 17.14.36414.22 d17.14
MinimumVisualStudioVersion = 10.0.40219.1
Project("{FAE04EC0-301F-11D3-BF4B-00C04F79EFBC}") = "ATM", "ATM\ATM.csproj", "{9E65C989-0515-411E-9E6A-D67F5D889FE8}"
EndProject
Global
	GlobalSection(SolutionConfigurationPlatforms) = preSolution
		Debug|Any CPU = Debug|Any CPU
		Release|Any CPU = Release|Any CPU
	EndGlobalSection
	GlobalSection(ProjectConfigurationPlatforms) = postSolution
		{9E65C989-0515-411E-9E6A-D67F5D889FE8}.Debug|Any CPU.ActiveCfg = Debug|Any CPU
		{9E65C989-0515-411E-9E6A-D67F5D889FE8}.Debug|Any CPU.Build.0 = Debug|Any CPU
		{9E65C989-0515-411E-9E6A-D67F5D889FE8}.Release|Any CPU.ActiveCfg = Release|Any CPU
		{9E65C989-0515-411E-9E6A-D67F5D889FE8}.Release|Any CPU.Build.0 = Release|Any CPU
	EndGlobalSection
	GlobalSection(SolutionProperties) = preSolution
		HideSolutionNode = FALSE
	EndGlobalSection
	GlobalSection(ExtensibilityGlobals) = postSolution
		SolutionGuid = {049B0B99-F782-426C-A480-BDB7B3B6CEA4}
	EndGlobalSection
EndGlobal
